
Microsoft Visual Studio Solution File, Format Version 12.00
# Visual Studio Version 16
VisualStudioVersion = 16.0.30114.105
MinimumVisualStudioVersion = 10.0.40219.1
Project("{8BC9CEB8-8B4A-11D0-8D11-00A0C91BC942}") = "BMPshower", "BMPshower\BMPshower.vcxproj", "{74033C5B-0CBB-460B-B898-B973D8797C3A}"
EndProject
Project("{8BC9CEB8-8B4A-11D0-8D11-00A0C91BC942}") = "BMPCharShower", "BMPCharShower\BMPCharShower.vcxproj", "{1B4927F8-4404-438B-B6B0-3BC1B6F5D64D}"
EndProject
Global
	GlobalSection(SolutionConfigurationPlatforms) = preSolution
		Debug|x64 = Debug|x64
		Debug|x86 = Debug|x86
		Release|x64 = Release|x64
		Release|x86 = Release|x86
	EndGlobalSection
	GlobalSection(ProjectConfigurationPlatforms) = postSolution
		{74033C5B-0CBB-460B-B898-B973D8797C3A}.Debug|x64.ActiveCfg = Debug|x64
		{74033C5B-0CBB-460B-B898-B973D8797C3A}.Debug|x64.Build.0 = Debug|x64
		{74033C5B-0CBB-460B-B898-B973D8797C3A}.Debug|x86.ActiveCfg = Debug|Win32
		{74033C5B-0CBB-460B-B898-B973D8797C3A}.Debug|x86.Build.0 = Debug|Win32
		{74033C5B-0CBB-460B-B898-B973D8797C3A}.Release|x64.ActiveCfg = Release|x64
		{74033C5B-0CBB-460B-B898-B973D8797C3A}.Release|x64.Build.0 = Release|x64
		{74033C5B-0CBB-460B-B898-B973D8797C3A}.Release|x86.ActiveCfg = Release|Win32
		{74033C5B-0CBB-460B-B898-B973D8797C3A}.Release|x86.Build.0 = Release|Win32
		{1B4927F8-4404-438B-B6B0-3BC1B6F5D64D}.Debug|x64.ActiveCfg = Debug|x64
		{1B4927F8-4404-438B-B6B0-3BC1B6F5D64D}.Debug|x64.Build.0 = Debug|x64
		{1B4927F8-4404-438B-B6B0-3BC1B6F5D64D}.Debug|x86.ActiveCfg = Debug|Win32
		{1B4927F8-4404-438B-B6B0-3BC1B6F5D64D}.Debug|x86.Build.0 = Debug|Win32
		{1B4927F8-4404-438B-B6B0-3BC1B6F5D64D}.Release|x64.ActiveCfg = Release|x64
		{1B4927F8-4404-438B-B6B0-3BC1B6F5D64D}.Release|x64.Build.0 = Release|x64
		{1B4927F8-4404-438B-B6B0-3BC1B6F5D64D}.Release|x86.ActiveCfg = Release|Win32
		{1B4927F8-4404-438B-B6B0-3BC1B6F5D64D}.Release|x86.Build.0 = Release|Win32
	EndGlobalSection
	GlobalSection(SolutionProperties) = preSolution
		HideSolutionNode = FALSE
	EndGlobalSection
	GlobalSection(ExtensibilityGlobals) = postSolution
		SolutionGuid = {80FD44C5-FFC8-49BA-9BDC-64781A9E05CF}
	EndGlobalSection
EndGlobal
